
Microsoft Visual Studio Solution File, Format Version 12.00
# Visual Studio Version 17
VisualStudioVersion = 17.6.33723.286
MinimumVisualStudioVersion = 10.0.40219.1
Project("{8BC9CEB8-8B4A-11D0-8D11-00A0C91BC942}") = "KMDF Driver", "KMDF Driver.vcxproj", "{03331D3C-B627-47DC-8CE4-BBA2F9ECF707}"
EndProject
Global
	GlobalSection(SolutionConfigurationPlatforms) = preSolution
		Debug|ARM64 = Debug|ARM64
		Debug|x64 = Debug|x64
		Release|ARM64 = Release|ARM64
		Release|x64 = Release|x64
	EndGlobalSection
	GlobalSection(ProjectConfigurationPlatforms) = postSolution
		{03331D3C-B627-47DC-8CE4-BBA2F9ECF707}.Debug|ARM64.ActiveCfg = Debug|ARM64
		{03331D3C-B627-47DC-8CE4-BBA2F9ECF707}.Debug|ARM64.Build.0 = Debug|ARM64
		{03331D3C-B627-47DC-8CE4-BBA2F9ECF707}.Debug|ARM64.Deploy.0 = Debug|ARM64
		{03331D3C-B627-47DC-8CE4-BBA2F9ECF707}.Debug|x64.ActiveCfg = Debug|x64
		{03331D3C-B627-47DC-8CE4-BBA2F9ECF707}.Debug|x64.Build.0 = Debug|x64
		{03331D3C-B627-47DC-8CE4-BBA2F9ECF707}.Debug|x64.Deploy.0 = Debug|x64
		{03331D3C-B627-47DC-8CE4-BBA2F9ECF707}.Release|ARM64.ActiveCfg = Release|ARM64
		{03331D3C-B627-47DC-8CE4-BBA2F9ECF707}.Release|ARM64.Build.0 = Release|ARM64
		{03331D3C-B627-47DC-8CE4-BBA2F9ECF707}.Release|ARM64.Deploy.0 = Release|ARM64
		{03331D3C-B627-47DC-8CE4-BBA2F9ECF707}.Release|x64.ActiveCfg = Release|x64
		{03331D3C-B627-47DC-8CE4-BBA2F9ECF707}.Release|x64.Build.0 = Release|x64
		{03331D3C-B627-47DC-8CE4-BBA2F9ECF707}.Release|x64.Deploy.0 = Release|x64
	EndGlobalSection
	GlobalSection(SolutionProperties) = preSolution
		HideSolutionNode = FALSE
	EndGlobalSection
	GlobalSection(ExtensibilityGlobals) = postSolution
		SolutionGuid = {FBC98BAD-D685-41A9-B064-BC8A0897C8C2}
	EndGlobalSection
EndGlobal
